{
  "name": "go-intl-cldr-source",
  "version": "0.0.0",
  "lockfileVersion": 3,
  "requires": true,
  "packages": {
    "": {
      "name": "go-intl-cldr-source",
      "version": "0.0.0",
      "dependencies": {
        "cldr-bcp47": "48.1.0",
        "cldr-core": "48.1.0",
        "cldr-dates-full": "48.1.0",
        "cldr-localenames-full": "48.1.0",
        "cldr-misc-full": "48.1.0",
        "cldr-numbers-full": "48.1.0",
        "cldr-segments-full": "48.1.0",
        "cldr-units-full": "48.1.0"
      }
    },
    "node_modules/cldr-bcp47": {
      "version": "48.1.0",
      "resolved": "https://registry.npmjs.org/cldr-bcp47/-/cldr-bcp47-48.1.0.tgz",
      "integrity": "sha512-5GF0weVNrLmqkZvZ18VwNW4Js/RUF2nt9Iz6ex/90BODZ/PPkBNYjF+dMIMMmHDipYXDoHlE02urCkFRt3nkYg==",
      "license": "Unicode-3.0"
    },
    "node_modules/cldr-core": {
      "version": "48.1.0",
      "resolved": "https://registry.npmjs.org/cldr-core/-/cldr-core-48.1.0.tgz",
      "integrity": "sha512-Br9lHQHRhFVyQ/4dY2AnTOuJVEwzDSFR9tE4EzaZxdtux4BFZ4V6oY0SiSAe/8H9+CJ6njpBiPJdDv+vdXnvfA==",
      "license": "Unicode-3.0"
    },
    "node_modules/cldr-dates-full": {
      "version": "48.1.0",
      "resolved": "https://registry.npmjs.org/cldr-dates-full/-/cldr-dates-full-48.1.0.tgz",
      "integrity": "sha512-GyVLYFmC8Xsd+awXwAedeAXTr3u9FGnpRTFEf9aYbB6zVzz5CqATPBvyFqLs0+PLPbdHrqhjgxQ6oIf9EAavbw==",
      "license": "Unicode-3.0"
    },
    "node_modules/cldr-localenames-full": {
      "version": "48.1.0",
      "resolved": "https://registry.npmjs.org/cldr-localenames-full/-/cldr-localenames-full-48.1.0.tgz",
      "integrity": "sha512-KJqpA/7gsBV/Tib0q5dsQ8cpNNxOsVYKYXtklsV2cjDgzAmXJjOz91PBSpveE7f072VfepUTe2ofbk18lhhQ6g==",
      "license": "Unicode-3.0"
    },
    "node_modules/cldr-misc-full": {
      "version": "48.1.0",
      "resolved": "https://registry.npmjs.org/cldr-misc-full/-/cldr-misc-full-48.1.0.tgz",
      "integrity": "sha512-Jq+iihaRjaLoI0u9y3dg4IsYY+f5RIy7l2StBfM4iT891Bj/i/RsvGD/0sBlorJhQPmQ1Tn6R9Y5iztvwAAncw==",
      "license": "Unicode-3.0"
    },
    "node_modules/cldr-numbers-full": {
      "version": "48.1.0",
      "resolved": "https://registry.npmjs.org/cldr-numbers-full/-/cldr-numbers-full-48.1.0.tgz",
      "integrity": "sha512-Kr0H7GQtuVDZQrSopxLbjv5bv9lk0T/uMsrLqPNzSlAcxqjXUEpa215ebZj/w0Vc5/PwyJmCJlG8rSUJrDpfDA==",
      "license": "Unicode-3.0"
    },
    "node_modules/cldr-segments-full": {
      "version": "48.1.0",
      "resolved": "https://registry.npmjs.org/cldr-segments-full/-/cldr-segments-full-48.1.0.tgz",
      "integrity": "sha512-RIcJS4mLVnmmcExoqj5twCoJBMktbIhjlOqykAIdkKdmW5M9YRfne1OtyJHGCLUif0qatZ1eUYtg+oFzfsP2Og==",
      "license": "Unicode-3.0"
    },
    "node_modules/cldr-units-full": {
      "version": "48.1.0",
      "resolved": "https://registry.npmjs.org/cldr-units-full/-/cldr-units-full-48.1.0.tgz",
      "integrity": "sha512-gZRKOiY/zk5WydpE6qvHyhzRqCoOCtVWfYHN3bwaLXn3p2neuFMfFmetN+3aJBL9bZSrvwB0brXGnb7+/XA3CA==",
      "license": "Unicode-3.0"
    }
  }
}
